
Microsoft Visual Studio Solution File, Format Version 12.00
# Visual Studio Version 17
VisualStudioVersion = 17.4.33205.214
MinimumVisualStudioVersion = 10.0.40219.1
Project("{9A19103F-16F7-4668-BE54-9A1E7A4F7556}") = "Timeoff.net", "Timeoff.net\Timeoff.net.csproj", "{664D0A0E-2E54-444A-A5D2-7DBCB6AECA61}"
EndProject
Project("{9A19103F-16F7-4668-BE54-9A1E7A4F7556}") = "Abstractions", "Abstractions\Abstractions.csproj", "{6CBF538F-8136-4561-A0FD-3DE97FE4C067}"
EndProject
Project("{9A19103F-16F7-4668-BE54-9A1E7A4F7556}") = "Application", "Application\Application.csproj", "{1011C4B9-43CA-4B71-8919-F11884CEFA32}"
EndProject
Project("{54A90642-561A-4BB1-A94E-469ADEE60C69}") = "timeoff.ui", "timeoff.ui\timeoff.ui.esproj", "{A9F09D4B-DDAE-4974-B626-AC3C198BE9BE}"
EndProject
Global
	GlobalSection(SolutionConfigurationPlatforms) = preSolution
		Debug|Any CPU = Debug|Any CPU
		Release|Any CPU = Release|Any CPU
	EndGlobalSection
	GlobalSection(ProjectConfigurationPlatforms) = postSolution
		{664D0A0E-2E54-444A-A5D2-7DBCB6AECA61}.Debug|Any CPU.ActiveCfg = Debug|Any CPU
		{664D0A0E-2E54-444A-A5D2-7DBCB6AECA61}.Debug|Any CPU.Build.0 = Debug|Any CPU
		{664D0A0E-2E54-444A-A5D2-7DBCB6AECA61}.Release|Any CPU.ActiveCfg = Release|Any CPU
		{664D0A0E-2E54-444A-A5D2-7DBCB6AECA61}.Release|Any CPU.Build.0 = Release|Any CPU
		{6CBF538F-8136-4561-A0FD-3DE97FE4C067}.Debug|Any CPU.ActiveCfg = Debug|Any CPU
		{6CBF538F-8136-4561-A0FD-3DE97FE4C067}.Debug|Any CPU.Build.0 = Debug|Any CPU
		{6CBF538F-8136-4561-A0FD-3DE97FE4C067}.Release|Any CPU.ActiveCfg = Release|Any CPU
		{6CBF538F-8136-4561-A0FD-3DE97FE4C067}.Release|Any CPU.Build.0 = Release|Any CPU
		{1011C4B9-43CA-4B71-8919-F11884CEFA32}.Debug|Any CPU.ActiveCfg = Debug|Any CPU
		{1011C4B9-43CA-4B71-8919-F11884CEFA32}.Debug|Any CPU.Build.0 = Debug|Any CPU
		{1011C4B9-43CA-4B71-8919-F11884CEFA32}.Release|Any CPU.ActiveCfg = Release|Any CPU
		{1011C4B9-43CA-4B71-8919-F11884CEFA32}.Release|Any CPU.Build.0 = Release|Any CPU
		{A9F09D4B-DDAE-4974-B626-AC3C198BE9BE}.Debug|Any CPU.ActiveCfg = Debug|Any CPU
		{A9F09D4B-DDAE-4974-B626-AC3C198BE9BE}.Debug|Any CPU.Build.0 = Debug|Any CPU
		{A9F09D4B-DDAE-4974-B626-AC3C198BE9BE}.Debug|Any CPU.Deploy.0 = Debug|Any CPU
		{A9F09D4B-DDAE-4974-B626-AC3C198BE9BE}.Release|Any CPU.ActiveCfg = Release|Any CPU
		{A9F09D4B-DDAE-4974-B626-AC3C198BE9BE}.Release|Any CPU.Build.0 = Release|Any CPU
		{A9F09D4B-DDAE-4974-B626-AC3C198BE9BE}.Release|Any CPU.Deploy.0 = Release|Any CPU
	EndGlobalSection
	GlobalSection(SolutionProperties) = preSolution
		HideSolutionNode = FALSE
	EndGlobalSection
	GlobalSection(ExtensibilityGlobals) = postSolution
		SolutionGuid = {BB718D21-1881-43A4-B799-0F6C83D3ABAF}
	EndGlobalSection
EndGlobal
